
Microsoft Visual Studio Solution File, Format Version 12.00
# Visual Studio Version 16
VisualStudioVersion = 16.0.30309.148
MinimumVisualStudioVersion = 10.0.40219.1
Project("{FAE04EC0-301F-11D3-BF4B-00C04F79EFBC}") = "ReferenceService", "ReferenceService\ReferenceService.csproj", "{C3C40611-8C28-438B-9C3B-8001E1E1EC4C}"
EndProject
Project("{FAE04EC0-301F-11D3-BF4B-00C04F79EFBC}") = "ReferenceService.WebApi", "ReferenceService.WebApi\ReferenceService.WebApi.csproj", "{684DBFF1-6665-441E-A1F3-9AC0594174E4}"
EndProject
Project("{FAE04EC0-301F-11D3-BF4B-00C04F79EFBC}") = "ReferenceService.Tests", "ReferenceService.Tests\ReferenceService.Tests.csproj", "{74B53C61-FF79-4546-9B18-8C33E55F67D0}"
EndProject
Project("{FAE04EC0-301F-11D3-BF4B-00C04F79EFBC}") = "ReferenceService.Common", "ReferenceService.Common\ReferenceService.Common.csproj", "{BD60427F-2BD6-4373-BADC-C4C616BF53FD}"
EndProject
Global
	GlobalSection(SolutionConfigurationPlatforms) = preSolution
		Debug|Any CPU = Debug|Any CPU
		Release|Any CPU = Release|Any CPU
	EndGlobalSection
	GlobalSection(ProjectConfigurationPlatforms) = postSolution
		{C3C40611-8C28-438B-9C3B-8001E1E1EC4C}.Debug|Any CPU.ActiveCfg = Debug|Any CPU
		{C3C40611-8C28-438B-9C3B-8001E1E1EC4C}.Debug|Any CPU.Build.0 = Debug|Any CPU
		{C3C40611-8C28-438B-9C3B-8001E1E1EC4C}.Release|Any CPU.ActiveCfg = Release|Any CPU
		{C3C40611-8C28-438B-9C3B-8001E1E1EC4C}.Release|Any CPU.Build.0 = Release|Any CPU
		{684DBFF1-6665-441E-A1F3-9AC0594174E4}.Debug|Any CPU.ActiveCfg = Debug|Any CPU
		{684DBFF1-6665-441E-A1F3-9AC0594174E4}.Debug|Any CPU.Build.0 = Debug|Any CPU
		{684DBFF1-6665-441E-A1F3-9AC0594174E4}.Release|Any CPU.ActiveCfg = Release|Any CPU
		{684DBFF1-6665-441E-A1F3-9AC0594174E4}.Release|Any CPU.Build.0 = Release|Any CPU
		{74B53C61-FF79-4546-9B18-8C33E55F67D0}.Debug|Any CPU.ActiveCfg = Debug|Any CPU
		{74B53C61-FF79-4546-9B18-8C33E55F67D0}.Debug|Any CPU.Build.0 = Debug|Any CPU
		{74B53C61-FF79-4546-9B18-8C33E55F67D0}.Release|Any CPU.ActiveCfg = Release|Any CPU
		{74B53C61-FF79-4546-9B18-8C33E55F67D0}.Release|Any CPU.Build.0 = Release|Any CPU
		{BD60427F-2BD6-4373-BADC-C4C616BF53FD}.Debug|Any CPU.ActiveCfg = Debug|Any CPU
		{BD60427F-2BD6-4373-BADC-C4C616BF53FD}.Debug|Any CPU.Build.0 = Debug|Any CPU
		{BD60427F-2BD6-4373-BADC-C4C616BF53FD}.Release|Any CPU.ActiveCfg = Release|Any CPU
		{BD60427F-2BD6-4373-BADC-C4C616BF53FD}.Release|Any CPU.Build.0 = Release|Any CPU
	EndGlobalSection
	GlobalSection(SolutionProperties) = preSolution
		HideSolutionNode = FALSE
	EndGlobalSection
	GlobalSection(ExtensibilityGlobals) = postSolution
		SolutionGuid = {C58FE168-21EA-4733-A074-9A7F1D88244B}
	EndGlobalSection
EndGlobal
